
Microsoft Visual Studio Solution File, Format Version 12.00
Project("{FAE04EC0-301F-11D3-BF4B-00C04F79EFBC}") = "WPF ConPTY", "WPF ConPTY\WPF ConPTY.csproj", "{3C713933-387F-4622-BF56-65C2C1842841}"
EndProject
Project("{FAE04EC0-301F-11D3-BF4B-00C04F79EFBC}") = "consolePTY", "consolePTY\consolePTY.csproj", "{6D99F039-09BC-4AB6-8E32-4B0C66316F83}"
EndProject
Global
	GlobalSection(SolutionConfigurationPlatforms) = preSolution
		Debug|Any CPU = Debug|Any CPU
		Release|Any CPU = Release|Any CPU
	EndGlobalSection
	GlobalSection(ProjectConfigurationPlatforms) = postSolution
		{3C713933-387F-4622-BF56-65C2C1842841}.Debug|Any CPU.ActiveCfg = Debug|Any CPU
		{3C713933-387F-4622-BF56-65C2C1842841}.Debug|Any CPU.Build.0 = Debug|Any CPU
		{3C713933-387F-4622-BF56-65C2C1842841}.Release|Any CPU.ActiveCfg = Release|Any CPU
		{3C713933-387F-4622-BF56-65C2C1842841}.Release|Any CPU.Build.0 = Release|Any CPU
		{6D99F039-09BC-4AB6-8E32-4B0C66316F83}.Debug|Any CPU.ActiveCfg = Debug|Any CPU
		{6D99F039-09BC-4AB6-8E32-4B0C66316F83}.Debug|Any CPU.Build.0 = Debug|Any CPU
		{6D99F039-09BC-4AB6-8E32-4B0C66316F83}.Release|Any CPU.ActiveCfg = Release|Any CPU
		{6D99F039-09BC-4AB6-8E32-4B0C66316F83}.Release|Any CPU.Build.0 = Release|Any CPU
	EndGlobalSection
EndGlobal
